// !$*UTF8*$!
{
	archiveVersion = 1;
	classes = {
	};
	objectVersion = 48;
	objects = {

/* Begin PBXBuildFile section */
		62011FB3208C730E005403D2 /* AppDelegate.swift in Sources */ = {isa = PBXBuildFile; fileRef = 62011FB2208C730E005403D2 /* AppDelegate.swift */; };
		62011FB5208C730E005403D2 /* ViewController.swift in Sources */ = {isa = PBXBuildFile; fileRef = 62011FB4208C730E005403D2 /* ViewController.swift */; };
		62011FB8208C730E005403D2 /* Main.storyboard in Resources */ = {isa = PBXBuildFile; fileRef = 62011FB6208C730E005403D2 /* Main.storyboard */; };
		62011FBA208C730E005403D2 /* Assets.xcassets in Resources */ = {isa = PBXBuildFile; fileRef = 62011FB9208C730E005403D2 /* Assets.xcassets */; };
		62011FBD208C730E005403D2 /* LaunchScreen.storyboard in Resources */ = {isa = PBXBuildFile; fileRef = 62011FBB208C730E005403D2 /* LaunchScreen.storyboard */; };
		62109C3E208DD6DE001380C8 /* List_TableViewCell.swift in Sources */ = {isa = PBXBuildFile; fileRef = 62109C3D208DD6DE001380C8 /* List_TableViewCell.swift */; };
		62109C40209074AA001380C8 /* butterfly_ViewController.swift in Sources */ = {isa = PBXBuildFile; fileRef = 62109C3F209074AA001380C8 /* butterfly_ViewController.swift */; };
		6294D6EC208DC7A1002A2564 /* List_TableViewController.swift in Sources */ = {isa = PBXBuildFile; fileRef = 6294D6EB208DC7A1002A2564 /* List_TableViewController.swift */; };
/* End PBXBuildFile section */

/* Begin PBXFileReference section */
		62011FAF208C730E005403D2 /* Buttterfly_Illustration_105321512.app */ = {isa = PBXFileReference; explicitFileType = wrapper.application; includeInIndex = 0; path = Buttterfly_Illustration_105321512.app; sourceTree = BUILT_PRODUCTS_DIR; };
		62011FB2208C730E005403D2 /* AppDelegate.swift */ = {isa = PBXFileReference; lastKnownFileType = sourcecode.swift; path = AppDelegate.swift; sourceTree = "<group>"; };
		62011FB4208C730E005403D2 /* ViewController.swift */ = {isa = PBXFileReference; lastKnownFileType = sourcecode.swift; path = ViewController.swift; sourceTree = "<group>"; };
		62011FB7208C730E005403D2 /* Base */ = {isa = PBXFileReference; lastKnownFileType = file.storyboard; name = Base; path = Base.lproj/Main.storyboard; sourceTree = "<group>"; };
		62011FB9208C730E005403D2 /* Assets.xcassets */ = {isa = PBXFileReference; lastKnownFileType = folder.assetcatalog; path = Assets.xcassets; sourceTree = "<group>"; };
		62011FBC208C730E005403D2 /* Base */ = {isa = PBXFileReference; lastKnownFileType = file.storyboard; name = Base; path = Base.lproj/LaunchScreen.storyboard; sourceTree = "<group>"; };
		62011FBE208C730E005403D2 /* Info.plist */ = {isa = PBXFileReference; lastKnownFileType = text.plist.xml; path = Info.plist; sourceTree = "<group>"; };
		62109C3D208DD6DE001380C8 /* List_TableViewCell.swift */ = {isa = PBXFileReference; lastKnownFileType = sourcecode.swift; path = List_TableViewCell.swift; sourceTree = "<group>"; };
		62109C3F209074AA001380C8 /* butterfly_ViewController.swift */ = {isa = PBXFileReference; lastKnownFileType = sourcecode.swift; path = butterfly_ViewController.swift; sourceTree = "<group>"; };
		6294D6EB208DC7A1002A2564 /* List_TableViewController.swift */ = {isa = PBXFileReference; lastKnownFileType = sourcecode.swift; path = List_TableViewController.swift; sourceTree = "<group>"; };
/* End PBXFileReference section */

/* Begin PBXFrameworksBuildPhase section */
		62011FAC208C730E005403D2 /* Frameworks */ = {
			isa = PBXFrameworksBuildPhase;
			buildActionMask = 2147483647;
			files = (
			);
			runOnlyForDeploymentPostprocessing = 0;
		};
/* End PBXFrameworksBuildPhase section */

/* Begin PBXGroup section */
		62011FA6208C730E005403D2 = {
			isa = PBXGroup;
			children = (
				62011FB1208C730E005403D2 /* Buttterfly_Illustration_105321512 */,
				62011FB0208C730E005403D2 /* Products */,
			);
			sourceTree = "<group>";
		};
		62011FB0208C730E005403D2 /* Products */ = {
			isa = PBXGroup;
			children = (
				62011FAF208C730E005403D2 /* Buttterfly_Illustration_105321512.app */,
			);
			name = Products;
			sourceTree = "<group>";
		};
		62011FB1208C730E005403D2 /* Buttterfly_Illustration_105321512 */ = {
			isa = PBXGroup;
			children = (
				62011FB2208C730E005403D2 /* AppDelegate.swift */,
				62011FB4208C730E005403D2 /* ViewController.swift */,
				62011FB6208C730E005403D2 /* Main.storyboard */,
				62011FB9208C730E005403D2 /* Assets.xcassets */,
				62011FBB208C730E005403D2 /* LaunchScreen.storyboard */,
				62011FBE208C730E005403D2 /* Info.plist */,
				6294D6EB208DC7A1002A2564 /* List_TableViewController.swift */,
				62109C3D208DD6DE001380C8 /* List_TableViewCell.swift */,
				62109C3F209074AA001380C8 /* butterfly_ViewController.swift */,
			);
			path = Buttterfly_Illustration_105321512;
			sourceTree = "<group>";
		};
/* End PBXGroup section */

/* Begin PBXNativeTarget section */
		62011FAE208C730E005403D2 /* Buttterfly_Illustration_105321512 */ = {
			isa = PBXNativeTarget;
			buildConfigurationList = 62011FC1208C730E005403D2 /* Build configuration list for PBXNativeTarget "Buttterfly_Illustration_105321512" */;
			buildPhases = (
				62011FAB208C730E005403D2 /* Sources */,
				62011FAC208C730E005403D2 /* Frameworks */,
				62011FAD208C730E005403D2 /* Resources */,
			);
			buildRules = (
			);
			dependencies = (
			);
			name = Buttterfly_Illustration_105321512;
			productName = Buttterfly_Illustration_105321512;
			productReference = 62011FAF208C730E005403D2 /* Buttterfly_Illustration_105321512.app */;
			productType = "com.apple.product-type.application";
		};
/* End PBXNativeTarget section */

/* Begin PBXProject section */
		62011FA7208C730E005403D2 /* Project object */ = {
			isa = PBXProject;
			attributes = {
				LastSwiftUpdateCheck = 0920;
				LastUpgradeCheck = 0920;
				ORGANIZATIONNAME = "VipLab NCNU";
				TargetAttributes = {
					62011FAE208C730E005403D2 = {
						CreatedOnToolsVersion = 9.2;
						ProvisioningStyle = Automatic;
					};
				};
			};
			buildConfigurationList = 62011FAA208C730E005403D2 /* Build configuration list for PBXProject "Buttterfly_Illustration_105321512" */;
			compatibilityVersion = "Xcode 8.0";
			developmentRegion = en;
			hasScannedForEncodings = 0;
			knownRegions = (
				en,
				Base,
			);
			mainGroup = 62011FA6208C730E005403D2;
			productRefGroup = 62011FB0208C730E005403D2 /* Products */;
			projectDirPath = "";
			projectRoot = "";
			targets = (
				62011FAE208C730E005403D2 /* Buttterfly_Illustration_105321512 */,
			);
		};
/* End PBXProject section */

/* Begin PBXResourcesBuildPhase section */
		62011FAD208C730E005403D2 /* Resources */ = {
			isa = PBXResourcesBuildPhase;
			buildActionMask = 2147483647;
			files = (
				62011FBD208C730E005403D2 /* LaunchScreen.storyboard in Resources */,
				62011FBA208C730E005403D2 /* Assets.xcassets in Resources */,
				62011FB8208C730E005403D2 /* Main.storyboard in Resources */,
			);
			runOnlyForDeploymentPostprocessing = 0;
		};
/* End PBXResourcesBuildPhase section */

/* Begin PBXSourcesBuildPhase section */
		62011FAB208C730E005403D2 /* Sources */ = {
			isa = PBXSourcesBuildPhase;
			buildActionMask = 2147483647;
			files = (
				62011FB5208C730E005403D2 /* ViewController.swift in Sources */,
				62109C3E208DD6DE001380C8 /* List_TableViewCell.swift in Sources */,
				62011FB3208C730E005403D2 /* AppDelegate.swift in Sources */,
				62109C40209074AA001380C8 /* butterfly_ViewController.swift in Sources */,
				6294D6EC208DC7A1002A2564 /* List_TableViewController.swift in Sources */,
			);
			runOnlyForDeploymentPostprocessing = 0;
		};
/* End PBXSourcesBuildPhase section */

/* Begin PBXVariantGroup section */
		62011FB6208C730E005403D2 /* Main.storyboard */ = {
			isa = PBXVariantGroup;
			children = (
				62011FB7208C730E005403D2 /* Base */,
			);
			name = Main.storyboard;
			sourceTree = "<group>";
		};
		62011FBB208C730E005403D2 /* LaunchScreen.storyboard */ = {
			isa = PBXVariantGroup;
			children = (
				62011FBC208C730E005403D2 /* Base */,
			);
			name = LaunchScreen.storyboard;
			sourceTree = "<group>";
		};
/* End PBXVariantGroup section */

/* Begin XCBuildConfiguration section */
		62011FBF208C730E005403D2 /* Debug */ = {
			isa = XCBuildConfiguration;
			buildSettings = {
				ALWAYS_SEARCH_USER_PATHS = NO;
				CLANG_ANALYZER_NONNULL = YES;
				CLANG_ANALYZER_NUMBER_OBJECT_CONVERSION = YES_AGGRESSIVE;
				CLANG_CXX_LANGUAGE_STANDARD = "gnu++14";
				CLANG_CXX_LIBRARY = "libc++";
				CLANG_ENABLE_MODULES = YES;
				CLANG_ENABLE_OBJC_ARC = YES;
				CLANG_WARN_BLOCK_CAPTURE_AUTORELEASING = YES;
				CLANG_WARN_BOOL_CONVERSION = YES;
				CLANG_WARN_COMMA = YES;
				CLANG_WARN_CONSTANT_CONVERSION = YES;
				CLANG_WARN_DIRECT_OBJC_ISA_USAGE = YES_ERROR;
				CLANG_WARN_DOCUMENTATION_COMMENTS = YES;
				CLANG_WARN_EMPTY_BODY = YES;
				CLANG_WARN_ENUM_CONVERSION = YES;
				CLANG_WARN_INFINITE_RECURSION = YES;
				CLANG_WARN_INT_CONVERSION = YES;
				CLANG_WARN_NON_LITERAL_NULL_CONVERSION = YES;
				CLANG_WARN_OBJC_LITERAL_CONVERSION = YES;
				CLANG_WARN_OBJC_ROOT_CLASS = YES_ERROR;
				CLANG_WARN_RANGE_LOOP_ANALYSIS = YES;
				CLANG_WARN_STRICT_PROTOTYPES = YES;
				CLANG_WARN_SUSPICIOUS_MOVE = YES;
				CLANG_WARN_UNGUARDED_AVAILABILITY = YES_AGGRESSIVE;
				CLANG_WARN_UNREACHABLE_CODE = YES;
				CLANG_WARN__DUPLICATE_METHOD_MATCH = YES;
				CODE_SIGN_IDENTITY = "iPhone Developer";
				COPY_PHASE_STRIP = NO;
				DEBUG_INFORMATION_FORMAT = dwarf;
				ENABLE_STRICT_OBJC_MSGSEND = YES;
				ENABLE_TESTABILITY = YES;
				GCC_C_LANGUAGE_STANDARD = gnu11;
				GCC_DYNAMIC_NO_PIC = NO;
				GCC_NO_COMMON_BLOCKS = YES;
				GCC_OPTIMIZATION_LEVEL = 0;
				GCC_PREPROCESSOR_DEFINITIONS = (
					"DEBUG=1",
					"$(inherited)",
				);
				GCC_WARN_64_TO_32_BIT_CONVERSION = YES;
				GCC_WARN_ABOUT_RETURN_TYPE = YES_ERROR;
				GCC_WARN_UNDECLARED_SELECTOR = YES;
				GCC_WARN_UNINITIALIZED_AUTOS = YES_AGGRESSIVE;
				GCC_WARN_UNUSED_FUNCTION = YES;
				GCC_WARN_UNUSED_VARIABLE = YES;
				IPHONEOS_DEPLOYMENT_TARGET = 11.2;
				MTL_ENABLE_DEBUG_INFO = YES;
				ONLY_ACTIVE_ARCH = YES;
				SDKROOT = iphoneos;
				SWIFT_ACTIVE_COMPILATION_CONDITIONS = DEBUG;
				SWIFT_OPTIMIZATION_LEVEL = "-Onone";
			};
			name = Debug;
		};
		62011FC0208C730E005403D2 /* Release */ = {
			isa = XCBuildConfiguration;
			buildSettings = {
				ALWAYS_SEARCH_USER_PATHS = NO;
				CLANG_ANALYZER_NONNULL = YES;
				CLANG_ANALYZER_NUMBER_OBJECT_CONVERSION = YES_AGGRESSIVE;
				CLANG_CXX_LANGUAGE_STANDARD = "gnu++14";
				CLANG_CXX_LIBRARY = "libc++";
				CLANG_ENABLE_MODULES = YES;
				CLANG_ENABLE_OBJC_ARC = YES;
				CLANG_WARN_BLOCK_CAPTURE_AUTORELEASING = YES;
				CLANG_WARN_BOOL_CONVERSION = YES;
				CLANG_WARN_COMMA = YES;
				CLANG_WARN_CONSTANT_CONVERSION = YES;
				CLANG_WARN_DIRECT_OBJC_ISA_USAGE = YES_ERROR;
				CLANG_WARN_DOCUMENTATION_COMMENTS = YES;
				CLANG_WARN_EMPTY_BODY = YES;
				CLANG_WARN_ENUM_CONVERSION = YES;
				CLANG_WARN_INFINITE_RECURSION = YES;
				CLANG_WARN_INT_CONVERSION = YES;
				CLANG_WARN_NON_LITERAL_NULL_CONVERSION = YES;
				CLANG_WARN_OBJC_LITERAL_CONVERSION = YES;
				CLANG_WARN_OBJC_ROOT_CLASS = YES_ERROR;
				CLANG_WARN_RANGE_LOOP_ANALYSIS = YES;
				CLANG_WARN_STRICT_PROTOTYPES = YES;
				CLANG_WARN_SUSPICIOUS_MOVE = YES;
				CLANG_WARN_UNGUARDED_AVAILABILITY = YES_AGGRESSIVE;
				CLANG_WARN_UNREACHABLE_CODE = YES;
				CLANG_WARN__DUPLICATE_METHOD_MATCH = YES;
				CODE_SIGN_IDENTITY = "iPhone Developer";
				COPY_PHASE_STRIP = NO;
				DEBUG_INFORMATION_FORMAT = "dwarf-with-dsym";
				ENABLE_NS_ASSERTIONS = NO;
				ENABLE_STRICT_OBJC_MSGSEND = YES;
				GCC_C_LANGUAGE_STANDARD = gnu11;
				GCC_NO_COMMON_BLOCKS = YES;
				GCC_WARN_64_TO_32_BIT_CONVERSION = YES;
				GCC_WARN_ABOUT_RETURN_TYPE = YES_ERROR;
				GCC_WARN_UNDECLARED_SELECTOR = YES;
				GCC_WARN_UNINITIALIZED_AUTOS = YES_AGGRESSIVE;
				GCC_WARN_UNUSED_FUNCTION = YES;
				GCC_WARN_UNUSED_VARIABLE = YES;
				IPHONEOS_DEPLOYMENT_TARGET = 11.2;
				MTL_ENABLE_DEBUG_INFO = NO;
				SDKROOT = iphoneos;
				SWIFT_OPTIMIZATION_LEVEL = "-Owholemodule";
				VALIDATE_PRODUCT = YES;
			};
			name = Release;
		};
		62011FC2208C730E005403D2 /* Debug */ = {
			isa = XCBuildConfiguration;
			buildSettings = {
				ASSETCATALOG_COMPILER_APPICON_NAME = AppIcon;
				CODE_SIGN_STYLE = Automatic;
				DEVELOPMENT_TEAM = FJM478WRFL;
				INFOPLIST_FILE = Buttterfly_Illustration_105321512/Info.plist;
				LD_RUNPATH_SEARCH_PATHS = "$(inherited) @executable_path/Frameworks";
				PRODUCT_BUNDLE_IDENTIFIER = "NCNU.CSIE.Butterfly-Illustration-105321512";
				PRODUCT_NAME = "$(TARGET_NAME)";
				SWIFT_VERSION = 4.0;
				TARGETED_DEVICE_FAMILY = "1,2";
			};
			name = Debug;
		};
		62011FC3208C730E005403D2 /* Release */ = {
			isa = XCBuildConfiguration;
			buildSettings = {
				ASSETCATALOG_COMPILER_APPICON_NAME = AppIcon;
				CODE_SIGN_STYLE = Automatic;
				DEVELOPMENT_TEAM = FJM478WRFL;
				INFOPLIST_FILE = Buttterfly_Illustration_105321512/Info.plist;
				LD_RUNPATH_SEARCH_PATHS = "$(inherited) @executable_path/Frameworks";
				PRODUCT_BUNDLE_IDENTIFIER = "NCNU.CSIE.Butterfly-Illustration-105321512";
				PRODUCT_NAME = "$(TARGET_NAME)";
				SWIFT_VERSION = 4.0;
				TARGETED_DEVICE_FAMILY = "1,2";
			};
			name = Release;
		};
/* End XCBuildConfiguration section */

/* Begin XCConfigurationList section */
		62011FAA208C730E005403D2 /* Build configuration list for PBXProject "Buttterfly_Illustration_105321512" */ = {
			isa = XCConfigurationList;
			buildConfigurations = (
				62011FBF208C730E005403D2 /* Debug */,
				62011FC0208C730E005403D2 /* Release */,
			);
			defaultConfigurationIsVisible = 0;
			defaultConfigurationName = Release;
		};
		62011FC1208C730E005403D2 /* Build configuration list for PBXNativeTarget "Buttterfly_Illustration_105321512" */ = {
			isa = XCConfigurationList;
			buildConfigurations = (
				62011FC2208C730E005403D2 /* Debug */,
				62011FC3208C730E005403D2 /* Release */,
			);
			defaultConfigurationIsVisible = 0;
			defaultConfigurationName = Release;
		};
/* End XCConfigurationList section */
	};
	rootObject = 62011FA7208C730E005403D2 /* Project object */;
}
